Microsoft Visual Studio Solution File, Format Version 12.00
# Visual Studio Version 17
VisualStudioVersion = 17.5.2.0
MinimumVisualStudioVersion = 10.0.40219.1
Project("{2150E333-8FDC-42A3-9474-1A3956D46DE8}") = "src", "src", "{827E0CD3-B72D-47B6-A68D-7590B98EB39B}"
EndProject
Project("{2150E333-8FDC-42A3-9474-1A3956D46DE8}") = "Api", "Api", "{81034408-37C8-1011-444E-4C15C2FADA8E}"
EndProject
Project("{FAE04EC0-301F-11D3-BF4B-00C04F79EFBC}") = "VideoTranslation.Api", "src\Api\VideoTranslation.Api.csproj", "{D17C6C77-BD6F-B94A-C626-FE81666CC7D7}"
EndProject
Project("{2150E333-8FDC-42A3-9474-1A3956D46DE8}") = "ui", "ui", "{BBB7B94B-6E11-D9F1-7BA6-9ECA82DB22BF}"
EndProject
Project("{FAE04EC0-301F-11D3-BF4B-00C04F79EFBC}") = "VideoTranslation.UI", "src\ui\VideoTranslation.UI.csproj", "{D36304CD-DC48-4D63-4C7A-BBC7AA6EE153}"
EndProject
Project("{2150E333-8FDC-42A3-9474-1A3956D46DE8}") = "obj", "obj", "{4F99F11A-C51D-E264-76F4-B8875BDD1309}"
EndProject
Project("{2150E333-8FDC-42A3-9474-1A3956D46DE8}") = "Debug", "Debug", "{A4B28BC5-1629-13D3-D13E-8DE43750624D}"
EndProject
Project("{2150E333-8FDC-42A3-9474-1A3956D46DE8}") = "net8.0", "net8.0", "{5959E7FA-9078-A6D4-5FA6-CAFAF7B9D926}"
EndProject
Project("{FAE04EC0-301F-11D3-BF4B-00C04F79EFBC}") = "WorkerExtensions", "src\Api\obj\Debug\net8.0\WorkerExtensions\WorkerExtensions.csproj", "{64270F90-7F7E-28E8-2068-2597AD577627}"
EndProject
Global
	GlobalSection(SolutionConfigurationPlatforms) = preSolution
		Debug|Any CPU = Debug|Any CPU
		Release|Any CPU = Release|Any CPU
	EndGlobalSection
	GlobalSection(ProjectConfigurationPlatforms) = postSolution
		{D17C6C77-BD6F-B94A-C626-FE81666CC7D7}.Debug|Any CPU.ActiveCfg = Debug|Any CPU
		{D17C6C77-BD6F-B94A-C626-FE81666CC7D7}.Debug|Any CPU.Build.0 = Debug|Any CPU
		{D17C6C77-BD6F-B94A-C626-FE81666CC7D7}.Release|Any CPU.ActiveCfg = Release|Any CPU
		{D17C6C77-BD6F-B94A-C626-FE81666CC7D7}.Release|Any CPU.Build.0 = Release|Any CPU
		{D36304CD-DC48-4D63-4C7A-BBC7AA6EE153}.Debug|Any CPU.ActiveCfg = Debug|Any CPU
		{D36304CD-DC48-4D63-4C7A-BBC7AA6EE153}.Debug|Any CPU.Build.0 = Debug|Any CPU
		{D36304CD-DC48-4D63-4C7A-BBC7AA6EE153}.Release|Any CPU.ActiveCfg = Release|Any CPU
		{D36304CD-DC48-4D63-4C7A-BBC7AA6EE153}.Release|Any CPU.Build.0 = Release|Any CPU
		{64270F90-7F7E-28E8-2068-2597AD577627}.Debug|Any CPU.ActiveCfg = Debug|Any CPU
		{64270F90-7F7E-28E8-2068-2597AD577627}.Debug|Any CPU.Build.0 = Debug|Any CPU
		{64270F90-7F7E-28E8-2068-2597AD577627}.Release|Any CPU.ActiveCfg = Release|Any CPU
		{64270F90-7F7E-28E8-2068-2597AD577627}.Release|Any CPU.Build.0 = Release|Any CPU
	EndGlobalSection
	GlobalSection(SolutionProperties) = preSolution
		HideSolutionNode = FALSE
	EndGlobalSection
	GlobalSection(NestedProjects) = preSolution
		{81034408-37C8-1011-444E-4C15C2FADA8E} = {827E0CD3-B72D-47B6-A68D-7590B98EB39B}
		{D17C6C77-BD6F-B94A-C626-FE81666CC7D7} = {81034408-37C8-1011-444E-4C15C2FADA8E}
		{BBB7B94B-6E11-D9F1-7BA6-9ECA82DB22BF} = {827E0CD3-B72D-47B6-A68D-7590B98EB39B}
		{D36304CD-DC48-4D63-4C7A-BBC7AA6EE153} = {BBB7B94B-6E11-D9F1-7BA6-9ECA82DB22BF}
		{4F99F11A-C51D-E264-76F4-B8875BDD1309} = {81034408-37C8-1011-444E-4C15C2FADA8E}
		{A4B28BC5-1629-13D3-D13E-8DE43750624D} = {4F99F11A-C51D-E264-76F4-B8875BDD1309}
		{5959E7FA-9078-A6D4-5FA6-CAFAF7B9D926} = {A4B28BC5-1629-13D3-D13E-8DE43750624D}
		{64270F90-7F7E-28E8-2068-2597AD577627} = {5959E7FA-9078-A6D4-5FA6-CAFAF7B9D926}
	EndGlobalSection
	GlobalSection(ExtensibilityGlobals) = postSolution
		SolutionGuid = {7ED57439-C9C2-4B67-AADF-32C76AF13DB7}
	EndGlobalSection
EndGlobal
